<?xml version="1.0" encoding="utf-8"?>
<Project ToolsVersion="4.0" xmlns="http://schemas.microsoft.com/developer/msbuild/2003">
  <ItemGroup>
    <Filter Include="Source Files">
      <UniqueIdentifier>{4FC737F1-C7A5-4376-A066-2A32D752A2FF}</UniqueIdentifier>
      <Extensions>cpp;c;cc;cxx;def;odl;idl;hpj;bat;asm;asmx</Extensions>
    </Filter>
    <Filter Include="Header Files">
      <UniqueIdentifier>{93995380-89BD-4b04-88EB-625FBE52EBFB}</UniqueIdentifier>
      <Extensions>h;hh;hpp;hxx;hm;inl;inc;ipp;xsd</Extensions>
    </Filter>
    <Filter Include="Resource Files">
      <UniqueIdentifier>{67DA6AB6-F800-4c08-8B7A-83BB121AAD01}</UniqueIdentifier>
      <Extensions>rc;ico;cur;bmp;dlg;rc2;rct;bin;rgs;gif;jpg;jpeg;jpe;resx;tiff;tif;png;wav;mfcribbon-ms</Extensions>
    </Filter>
  </ItemGroup>
  <ItemGroup>
    <ClInclude Include="..\Deps\HLSLcc\include\growing_array.h">
      <Filter>Header Files</Filter>
    </ClInclude>
    <ClInclude Include="..\Deps\HLSLcc\include\hlslcc.h">
      <Filter>Header Files</Filter>
    </ClInclude>
    <ClInclude Include="..\Deps\HLSLcc\include\hlslcc.hpp">
      <Filter>Header Files</Filter>
    </ClInclude>
    <ClInclude Include="..\Deps\HLSLcc\include\pstdint.h">
      <Filter>Header Files</Filter>
    </ClInclude>
    <ClInclude Include="..\Deps\HLSLcc\include\ShaderInfo.h">
      <Filter>Header Files</Filter>
    </ClInclude>
    <ClInclude Include="..\Deps\HLSLcc\include\UnityInstancingFlexibleArraySize.h">
      <Filter>Header Files</Filter>
    </ClInclude>
    <ClInclude Include="Test.h">
      <Filter>Header Files</Filter>
    </ClInclude>
  </ItemGroup>
  <ItemGroup>
    <ClCompile Include="..\Deps\HLSLcc\src\ControlFlowGraph.cpp">
      <Filter>Source Files</Filter>
    </ClCompile>
    <ClCompile Include="..\Deps\HLSLcc\src\ControlFlowGraphUtils.cpp">
      <Filter>Source Files</Filter>
    </ClCompile>
    <ClCompile Include="..\Deps\HLSLcc\src\DataTypeAnalysis.cpp">
      <Filter>Source Files</Filter>
    </ClCompile>
    <ClCompile Include="..\Deps\HLSLcc\src\Declaration.cpp">
      <Filter>Source Files</Filter>
    </ClCompile>
    <ClCompile Include="..\Deps\HLSLcc\src\HLSLCrossCompilerContext.cpp">
      <Filter>Source Files</Filter>
    </ClCompile>
    <ClCompile Include="..\Deps\HLSLcc\src\HLSLcc.cpp">
      <Filter>Source Files</Filter>
    </ClCompile>
    <ClCompile Include="..\Deps\HLSLcc\src\HLSLccToolkit.cpp">
      <Filter>Source Files</Filter>
    </ClCompile>
    <ClCompile Include="..\Deps\HLSLcc\src\LoopTransform.cpp">
      <Filter>Source Files</Filter>
    </ClCompile>
    <ClCompile Include="..\Deps\HLSLcc\src\Operand.cpp">
      <Filter>Source Files</Filter>
    </ClCompile>
    <ClCompile Include="..\Deps\HLSLcc\src\Shader.cpp">
      <Filter>Source Files</Filter>
    </ClCompile>
    <ClCompile Include="..\Deps\HLSLcc\src\ShaderInfo.cpp">
      <Filter>Source Files</Filter>
    </ClCompile>
    <ClCompile Include="..\Deps\HLSLcc\src\UseDefineChains.cpp">
      <Filter>Source Files</Filter>
    </ClCompile>
    <ClCompile Include="..\Deps\HLSLcc\src\decode.cpp">
      <Filter>Source Files</Filter>
    </ClCompile>
    <ClCompile Include="..\Deps\HLSLcc\src\reflect.cpp">
      <Filter>Source Files</Filter>
    </ClCompile>
    <ClCompile Include="..\Deps\HLSLcc\src\toGLSL.cpp">
      <Filter>Source Files</Filter>
    </ClCompile>
    <ClCompile Include="..\Deps\HLSLcc\src\toGLSLDeclaration.cpp">
      <Filter>Source Files</Filter>
    </ClCompile>
    <ClCompile Include="..\Deps\HLSLcc\src\toGLSLInstruction.cpp">
      <Filter>Source Files</Filter>
    </ClCompile>
    <ClCompile Include="..\Deps\HLSLcc\src\toMetal.cpp">
      <Filter>Source Files</Filter>
    </ClCompile>
    <ClCompile Include="..\Deps\HLSLcc\src\toMetalDeclaration.cpp">
      <Filter>Source Files</Filter>
    </ClCompile>
    <ClCompile Include="..\Deps\HLSLcc\src\toMetalInstruction.cpp">
      <Filter>Source Files</Filter>
    </ClCompile>
    <ClCompile Include="..\Deps\HLSLcc\src\toMetalOperand.cpp">
      <Filter>Source Files</Filter>
    </ClCompile>
    <ClCompile Include="..\Deps\HLSLcc\src\cbstring\bsafe.c">
      <Filter>Source Files</Filter>
    </ClCompile>
    <ClCompile Include="..\Deps\HLSLcc\src\cbstring\bstraux.c">
      <Filter>Source Files</Filter>
    </ClCompile>
    <ClCompile Include="..\Deps\HLSLcc\src\cbstring\bstrlib.c">
      <Filter>Source Files</Filter>
    </ClCompile>
    <ClCompile Include="..\Deps\HLSLcc\src\Instruction.cpp">
      <Filter>Source Files</Filter>
    </ClCompile>
    <ClCompile Include="..\Deps\HLSLcc\src\toGLSLOperand.cpp">
      <Filter>Source Files</Filter>
    </ClCompile>
    <ClCompile Include="Test.cpp">
      <Filter>Source Files</Filter>
    </ClCompile>
  </ItemGroup>
</Project>