
Microsoft Visual Studio Solution File, Format Version 12.00
# Visual Studio 15
VisualStudioVersion = 15.0.27130.2024
MinimumVisualStudioVersion = 10.0.40219.1
Project("{FAE04EC0-301F-11D3-BF4B-00C04F79EFBC}") = "Extract", "Extract\Extract.csproj", "{4F422A17-99C4-4BC1-BB7B-EA2186FBA71A}"
EndProject
Project("{FAE04EC0-301F-11D3-BF4B-00C04F79EFBC}") = "uTinyRipperUtility", "uTinyRipperUtility\uTinyRipperUtility.csproj", "{6E5EEC59-3EA9-4ACA-BFA5-DDD9B497CAC8}"
EndProject
Project("{FAE04EC0-301F-11D3-BF4B-00C04F79EFBC}") = "uTinyRipperCore", "UtinyRipper\uTinyRipperCore\uTinyRipperCore.csproj", "{CA9420F4-4B54-4727-91E6-CCE20916D795}"
EndProject
Project("{8BC9CEB8-8B4A-11D0-8D11-00A0C91BC942}") = "HLSLccWrapper", "HLSLccWrapper\HLSLccWrapper.vcxproj", "{B812E249-4F57-4C35-B5A8-A8EC498627F9}"
EndProject
Global
	GlobalSection(SolutionConfigurationPlatforms) = preSolution
		Debug|Any CPU = Debug|Any CPU
		Debug|x64 = Debug|x64
		Debug|x86 = Debug|x86
		Release|Any CPU = Release|Any CPU
		Release|x64 = Release|x64
		Release|x86 = Release|x86
		Virtual|Any CPU = Virtual|Any CPU
		Virtual|x64 = Virtual|x64
		Virtual|x86 = Virtual|x86
	EndGlobalSection
	GlobalSection(ProjectConfigurationPlatforms) = postSolution
		{4F422A17-99C4-4BC1-BB7B-EA2186FBA71A}.Debug|Any CPU.ActiveCfg = Debug|x64
		{4F422A17-99C4-4BC1-BB7B-EA2186FBA71A}.Debug|x64.ActiveCfg = Debug|x64
		{4F422A17-99C4-4BC1-BB7B-EA2186FBA71A}.Debug|x64.Build.0 = Debug|x64
		{4F422A17-99C4-4BC1-BB7B-EA2186FBA71A}.Debug|x86.ActiveCfg = Debug|x64
		{4F422A17-99C4-4BC1-BB7B-EA2186FBA71A}.Release|Any CPU.ActiveCfg = Release|x64
		{4F422A17-99C4-4BC1-BB7B-EA2186FBA71A}.Release|x64.ActiveCfg = Release|x64
		{4F422A17-99C4-4BC1-BB7B-EA2186FBA71A}.Release|x64.Build.0 = Release|x64
		{4F422A17-99C4-4BC1-BB7B-EA2186FBA71A}.Release|x86.ActiveCfg = Release|x64
		{4F422A17-99C4-4BC1-BB7B-EA2186FBA71A}.Virtual|Any CPU.ActiveCfg = Release|x64
		{4F422A17-99C4-4BC1-BB7B-EA2186FBA71A}.Virtual|Any CPU.Build.0 = Release|x64
		{4F422A17-99C4-4BC1-BB7B-EA2186FBA71A}.Virtual|x64.ActiveCfg = Release|x64
		{4F422A17-99C4-4BC1-BB7B-EA2186FBA71A}.Virtual|x64.Build.0 = Release|x64
		{4F422A17-99C4-4BC1-BB7B-EA2186FBA71A}.Virtual|x86.ActiveCfg = Release|x64
		{4F422A17-99C4-4BC1-BB7B-EA2186FBA71A}.Virtual|x86.Build.0 = Release|x64
		{6E5EEC59-3EA9-4ACA-BFA5-DDD9B497CAC8}.Debug|Any CPU.ActiveCfg = Debug|x64
		{6E5EEC59-3EA9-4ACA-BFA5-DDD9B497CAC8}.Debug|x64.ActiveCfg = Debug|x64
		{6E5EEC59-3EA9-4ACA-BFA5-DDD9B497CAC8}.Debug|x64.Build.0 = Debug|x64
		{6E5EEC59-3EA9-4ACA-BFA5-DDD9B497CAC8}.Debug|x86.ActiveCfg = Debug|x64
		{6E5EEC59-3EA9-4ACA-BFA5-DDD9B497CAC8}.Release|Any CPU.ActiveCfg = Release|x64
		{6E5EEC59-3EA9-4ACA-BFA5-DDD9B497CAC8}.Release|x64.ActiveCfg = Release|x64
		{6E5EEC59-3EA9-4ACA-BFA5-DDD9B497CAC8}.Release|x64.Build.0 = Release|x64
		{6E5EEC59-3EA9-4ACA-BFA5-DDD9B497CAC8}.Release|x86.ActiveCfg = Release|x64
		{6E5EEC59-3EA9-4ACA-BFA5-DDD9B497CAC8}.Virtual|Any CPU.ActiveCfg = Release|x64
		{6E5EEC59-3EA9-4ACA-BFA5-DDD9B497CAC8}.Virtual|Any CPU.Build.0 = Release|x64
		{6E5EEC59-3EA9-4ACA-BFA5-DDD9B497CAC8}.Virtual|x64.ActiveCfg = Release|x64
		{6E5EEC59-3EA9-4ACA-BFA5-DDD9B497CAC8}.Virtual|x64.Build.0 = Release|x64
		{6E5EEC59-3EA9-4ACA-BFA5-DDD9B497CAC8}.Virtual|x86.ActiveCfg = Release|x64
		{6E5EEC59-3EA9-4ACA-BFA5-DDD9B497CAC8}.Virtual|x86.Build.0 = Release|x64
		{CA9420F4-4B54-4727-91E6-CCE20916D795}.Debug|Any CPU.ActiveCfg = Debug|Any CPU
		{CA9420F4-4B54-4727-91E6-CCE20916D795}.Debug|Any CPU.Build.0 = Debug|Any CPU
		{CA9420F4-4B54-4727-91E6-CCE20916D795}.Debug|x64.ActiveCfg = Debug|x64
		{CA9420F4-4B54-4727-91E6-CCE20916D795}.Debug|x64.Build.0 = Debug|x64
		{CA9420F4-4B54-4727-91E6-CCE20916D795}.Debug|x86.ActiveCfg = Debug|x86
		{CA9420F4-4B54-4727-91E6-CCE20916D795}.Debug|x86.Build.0 = Debug|x86
		{CA9420F4-4B54-4727-91E6-CCE20916D795}.Release|Any CPU.ActiveCfg = Release|Any CPU
		{CA9420F4-4B54-4727-91E6-CCE20916D795}.Release|Any CPU.Build.0 = Release|Any CPU
		{CA9420F4-4B54-4727-91E6-CCE20916D795}.Release|x64.ActiveCfg = Release|x64
		{CA9420F4-4B54-4727-91E6-CCE20916D795}.Release|x64.Build.0 = Release|x64
		{CA9420F4-4B54-4727-91E6-CCE20916D795}.Release|x86.ActiveCfg = Release|x86
		{CA9420F4-4B54-4727-91E6-CCE20916D795}.Release|x86.Build.0 = Release|x86
		{CA9420F4-4B54-4727-91E6-CCE20916D795}.Virtual|Any CPU.ActiveCfg = Virtual|Any CPU
		{CA9420F4-4B54-4727-91E6-CCE20916D795}.Virtual|Any CPU.Build.0 = Virtual|Any CPU
		{CA9420F4-4B54-4727-91E6-CCE20916D795}.Virtual|x64.ActiveCfg = Virtual|x64
		{CA9420F4-4B54-4727-91E6-CCE20916D795}.Virtual|x64.Build.0 = Virtual|x64
		{CA9420F4-4B54-4727-91E6-CCE20916D795}.Virtual|x86.ActiveCfg = Virtual|x86
		{CA9420F4-4B54-4727-91E6-CCE20916D795}.Virtual|x86.Build.0 = Virtual|x86
		{B812E249-4F57-4C35-B5A8-A8EC498627F9}.Debug|Any CPU.ActiveCfg = Debug|Win32
		{B812E249-4F57-4C35-B5A8-A8EC498627F9}.Debug|x64.ActiveCfg = Debug|x64
		{B812E249-4F57-4C35-B5A8-A8EC498627F9}.Debug|x64.Build.0 = Debug|x64
		{B812E249-4F57-4C35-B5A8-A8EC498627F9}.Debug|x86.ActiveCfg = Debug|Win32
		{B812E249-4F57-4C35-B5A8-A8EC498627F9}.Debug|x86.Build.0 = Debug|Win32
		{B812E249-4F57-4C35-B5A8-A8EC498627F9}.Release|Any CPU.ActiveCfg = Release|Win32
		{B812E249-4F57-4C35-B5A8-A8EC498627F9}.Release|x64.ActiveCfg = Release|x64
		{B812E249-4F57-4C35-B5A8-A8EC498627F9}.Release|x64.Build.0 = Release|x64
		{B812E249-4F57-4C35-B5A8-A8EC498627F9}.Release|x86.ActiveCfg = Release|Win32
		{B812E249-4F57-4C35-B5A8-A8EC498627F9}.Release|x86.Build.0 = Release|Win32
		{B812E249-4F57-4C35-B5A8-A8EC498627F9}.Virtual|Any CPU.ActiveCfg = Release|x64
		{B812E249-4F57-4C35-B5A8-A8EC498627F9}.Virtual|Any CPU.Build.0 = Release|x64
		{B812E249-4F57-4C35-B5A8-A8EC498627F9}.Virtual|x64.ActiveCfg = Release|x64
		{B812E249-4F57-4C35-B5A8-A8EC498627F9}.Virtual|x64.Build.0 = Release|x64
		{B812E249-4F57-4C35-B5A8-A8EC498627F9}.Virtual|x86.ActiveCfg = Release|Win32
		{B812E249-4F57-4C35-B5A8-A8EC498627F9}.Virtual|x86.Build.0 = Release|Win32
	EndGlobalSection
	GlobalSection(SolutionProperties) = preSolution
		HideSolutionNode = FALSE
	EndGlobalSection
	GlobalSection(ExtensibilityGlobals) = postSolution
		SolutionGuid = {ED4FF66B-4A6D-4440-8721-23C5ED09791C}
	EndGlobalSection
EndGlobal
